<?xml version="1.0" encoding="utf-8"?>
<Project ToolsVersion="4.0" xmlns="http://schemas.microsoft.com/developer/msbuild/2003">
  <ItemGroup>
    <ClCompile Include="Code\ShaderManager\ShaderManager.cpp">
      <Filter>Resource Files</Filter>
    </ClCompile>
    <ClCompile Include="InputManager.cpp">
      <Filter>Resource Files</Filter>
    </ClCompile>
    <ClCompile Include="Code\AllIncludes\AllIncludes.cpp">
      <Filter>Resource Files</Filter>
    </ClCompile>
    <ClCompile Include="Main.cpp">
      <Filter>Resource Files</Filter>
    </ClCompile>
    <ClCompile Include="Code\ObjectRelatives\Container\ObjectContainer.cpp">
      <Filter>Resource Files</Filter>
    </ClCompile>
    <ClCompile Include="Code\ObjectRelatives\Mold\ObjectMold.cpp">
      <Filter>Resource Files</Filter>
    </ClCompile>
    <ClCompile Include="Code\RendererClass\RendererClass.cpp">
      <Filter>Resource Files</Filter>
    </ClCompile>
    <ClCompile Include="Code\Window\WindowCreation.cpp">
      <Filter>Resource Files</Filter>
    </ClCompile>
  </ItemGroup>
  <ItemGroup>
    <ClInclude Include="InputManager.h">
      <Filter>Header Files</Filter>
    </ClInclude>
    <ClInclude Include="Code\ObjectRelatives\Container\ObjectContainer.h">
      <Filter>Header Files</Filter>
    </ClInclude>
    <ClInclude Include="Code\ObjectRelatives\Mold\ObjectMold.h">
      <Filter>Header Files</Filter>
    </ClInclude>
    <ClInclude Include="Code\RendererClass\RendererClass.h">
      <Filter>Header Files</Filter>
    </ClInclude>
    <ClInclude Include="Code\ShaderManager\ShaderManager.h">
      <Filter>Header Files</Filter>
    </ClInclude>
    <ClInclude Include="Code\Window\WindowCreation.h">
      <Filter>Header Files</Filter>
    </ClInclude>
  </ItemGroup>
  <ItemGroup>
    <Filter Include="Resource Files">
      <UniqueIdentifier>{40aa6437-25ee-4537-ac4d-49b132a012ce}</UniqueIdentifier>
    </Filter>
    <Filter Include="Header Files">
      <UniqueIdentifier>{a3323e12-e60b-48b1-b826-96652b54fc0d}</UniqueIdentifier>
    </Filter>
  </ItemGroup>
</Project>